
Microsoft Visual Studio Solution File, Format Version 12.00
# Visual Studio Version 16
VisualStudioVersion = 16.0.29609.76
MinimumVisualStudioVersion = 10.0.40219.1
Project("{9A19103F-16F7-4668-BE54-9A1E7A4F7556}") = "DependencyInjection", "DependencyInjection\DependencyInjection.csproj", "{30DA2C68-ED7A-4712-A4E7-C7048D20F320}"
EndProject
Project("{FAE04EC0-301F-11D3-BF4B-00C04F79EFBC}") = "AsyncAwait", "AsyncAwait\AsyncAwait.csproj", "{971FA640-33DB-4E42-8589-E00E4C0B3F12}"
EndProject
Global
	GlobalSection(SolutionConfigurationPlatforms) = preSolution
		Debug|Any CPU = Debug|Any CPU
		Release|Any CPU = Release|Any CPU
	EndGlobalSection
	GlobalSection(ProjectConfigurationPlatforms) = postSolution
		{30DA2C68-ED7A-4712-A4E7-C7048D20F320}.Debug|Any CPU.ActiveCfg = Debug|Any CPU
		{30DA2C68-ED7A-4712-A4E7-C7048D20F320}.Debug|Any CPU.Build.0 = Debug|Any CPU
		{30DA2C68-ED7A-4712-A4E7-C7048D20F320}.Release|Any CPU.ActiveCfg = Release|Any CPU
		{30DA2C68-ED7A-4712-A4E7-C7048D20F320}.Release|Any CPU.Build.0 = Release|Any CPU
		{971FA640-33DB-4E42-8589-E00E4C0B3F12}.Debug|Any CPU.ActiveCfg = Debug|Any CPU
		{971FA640-33DB-4E42-8589-E00E4C0B3F12}.Debug|Any CPU.Build.0 = Debug|Any CPU
		{971FA640-33DB-4E42-8589-E00E4C0B3F12}.Release|Any CPU.ActiveCfg = Release|Any CPU
		{971FA640-33DB-4E42-8589-E00E4C0B3F12}.Release|Any CPU.Build.0 = Release|Any CPU
	EndGlobalSection
	GlobalSection(SolutionProperties) = preSolution
		HideSolutionNode = FALSE
	EndGlobalSection
	GlobalSection(ExtensibilityGlobals) = postSolution
		SolutionGuid = {C983B68F-4F16-4E98-90FE-36D3064BE4AC}
	EndGlobalSection
EndGlobal
